
Microsoft Visual Studio Solution File, Format Version 12.00
# Visual Studio Version 17
VisualStudioVersion = 17.5.33502.453
MinimumVisualStudioVersion = 10.0.40219.1
Project("{9A19103F-16F7-4668-BE54-9A1E7A4F7556}") = "RoomBookingApp.Core.Tests", "RoomBookingApp.Core.Tests\RoomBookingApp.Core.Tests.csproj", "{5791F77A-6576-458B-9BDE-EBB970D9532C}"
EndProject
Project("{FAE04EC0-301F-11D3-BF4B-00C04F79EFBC}") = "RoomBookingApp.Core", "RoomBookingApp.Core\RoomBookingApp.Core.csproj", "{712AB571-069B-4B07-A7AC-71FB9E777341}"
EndProject
Global
	GlobalSection(SolutionConfigurationPlatforms) = preSolution
		Debug|Any CPU = Debug|Any CPU
		Release|Any CPU = Release|Any CPU
	EndGlobalSection
	GlobalSection(ProjectConfigurationPlatforms) = postSolution
		{5791F77A-6576-458B-9BDE-EBB970D9532C}.Debug|Any CPU.ActiveCfg = Debug|Any CPU
		{5791F77A-6576-458B-9BDE-EBB970D9532C}.Debug|Any CPU.Build.0 = Debug|Any CPU
		{5791F77A-6576-458B-9BDE-EBB970D9532C}.Release|Any CPU.ActiveCfg = Release|Any CPU
		{5791F77A-6576-458B-9BDE-EBB970D9532C}.Release|Any CPU.Build.0 = Release|Any CPU
		{712AB571-069B-4B07-A7AC-71FB9E777341}.Debug|Any CPU.ActiveCfg = Debug|Any CPU
		{712AB571-069B-4B07-A7AC-71FB9E777341}.Debug|Any CPU.Build.0 = Debug|Any CPU
		{712AB571-069B-4B07-A7AC-71FB9E777341}.Release|Any CPU.ActiveCfg = Release|Any CPU
		{712AB571-069B-4B07-A7AC-71FB9E777341}.Release|Any CPU.Build.0 = Release|Any CPU
	EndGlobalSection
	GlobalSection(SolutionProperties) = preSolution
		HideSolutionNode = FALSE
	EndGlobalSection
	GlobalSection(ExtensibilityGlobals) = postSolution
		SolutionGuid = {8FCF44A2-5463-4D29-AA92-7063C496B563}
	EndGlobalSection
EndGlobal
